
Microsoft Visual Studio Solution File, Format Version 12.00
# Visual Studio Version 16
VisualStudioVersion = 16.0.31424.327
MinimumVisualStudioVersion = 10.0.40219.1
Project("{FAE04EC0-301F-11D3-BF4B-00C04F79EFBC}") = "GreenStore", "GreenStore\GreenStore.csproj", "{B71DC31D-F4D4-4464-9803-B8FB9BCF93D0}"
EndProject
Project("{FAE04EC0-301F-11D3-BF4B-00C04F79EFBC}") = "GreenStore.Tests", "GreenStore.Tests\GreenStore.Tests.csproj", "{A51E72A7-5C16-4452-A58D-869B31D32473}"
EndProject
Global
	GlobalSection(SolutionConfigurationPlatforms) = preSolution
		Debug|Any CPU = Debug|Any CPU
		Release|Any CPU = Release|Any CPU
	EndGlobalSection
	GlobalSection(ProjectConfigurationPlatforms) = postSolution
		{B71DC31D-F4D4-4464-9803-B8FB9BCF93D0}.Debug|Any CPU.ActiveCfg = Debug|Any CPU
		{B71DC31D-F4D4-4464-9803-B8FB9BCF93D0}.Debug|Any CPU.Build.0 = Debug|Any CPU
		{B71DC31D-F4D4-4464-9803-B8FB9BCF93D0}.Release|Any CPU.ActiveCfg = Release|Any CPU
		{B71DC31D-F4D4-4464-9803-B8FB9BCF93D0}.Release|Any CPU.Build.0 = Release|Any CPU
		{A51E72A7-5C16-4452-A58D-869B31D32473}.Debug|Any CPU.ActiveCfg = Debug|Any CPU
		{A51E72A7-5C16-4452-A58D-869B31D32473}.Debug|Any CPU.Build.0 = Debug|Any CPU
		{A51E72A7-5C16-4452-A58D-869B31D32473}.Release|Any CPU.ActiveCfg = Release|Any CPU
		{A51E72A7-5C16-4452-A58D-869B31D32473}.Release|Any CPU.Build.0 = Release|Any CPU
	EndGlobalSection
	GlobalSection(SolutionProperties) = preSolution
		HideSolutionNode = FALSE
	EndGlobalSection
	GlobalSection(ExtensibilityGlobals) = postSolution
		SolutionGuid = {66FF20E3-22ED-4768-A03B-E956E88A3D00}
	EndGlobalSection
EndGlobal
